{
  "requires": true,
  "lockfileVersion": 1,
  "dependencies": {
    "@datastructures-js/heap": {
      "version": "3.0.1",
      "resolved": "https://registry.npmjs.org/@datastructures-js/heap/-/heap-3.0.1.tgz",
      "integrity": "sha512-1nphUN9dVoVL2KsdipFYJMxgAZhsOE7fNEUW09IhT0z/cNFj5h6Nf3lcA1smCEC0BI420FTuPMcfOAi1Q7RELw=="
    },
    "@datastructures-js/priority-queue": {
      "version": "5.0.3",
      "resolved": "https://registry.npmjs.org/@datastructures-js/priority-queue/-/priority-queue-5.0.3.tgz",
      "integrity": "sha512-owqR303gaR2Gk6KI1SbobLCjIK2vwwgpWlexa6LUkSSDlwrUKB+vf1nNGoM9Gy4SgKx3I9vyc0cmdvLryPmj9Q==",
      "requires": {
        "@datastructures-js/heap": "^3.0.0"
      }
    }
  }
}
